
Microsoft Visual Studio Solution File, Format Version 12.00
# Visual Studio 15
Project("{FAE04EC0-301F-11D3-BF4B-00C04F79EFBC}") = "HelloWorldApplication", "HelloWorldApplication\HelloWorldApplication.csproj", "{DADAA42D-BCA8-42DD-8F28-2A22CA0A86D0}"
EndProject
Global
	GlobalSection(SolutionConfigurationPlatforms) = preSolution
		Debug|Any CPU = Debug|Any CPU
		Release|Any CPU = Release|Any CPU
	EndGlobalSection
	GlobalSection(ProjectConfigurationPlatforms) = postSolution
		{DADAA42D-BCA8-42DD-8F28-2A22CA0A86D0}.Debug|Any CPU.ActiveCfg = Debug|Any CPU
		{DADAA42D-BCA8-42DD-8F28-2A22CA0A86D0}.Debug|Any CPU.Build.0 = Debug|Any CPU
		{DADAA42D-BCA8-42DD-8F28-2A22CA0A86D0}.Release|Any CPU.ActiveCfg = Release|Any CPU
		{DADAA42D-BCA8-42DD-8F28-2A22CA0A86D0}.Release|Any CPU.Build.0 = Release|Any CPU
	EndGlobalSection
EndGlobal
